
Microsoft Visual Studio Solution File, Format Version 12.00
# Visual Studio Version 16
VisualStudioVersion = 16.0.29503.13
MinimumVisualStudioVersion = 10.0.40219.1
Project("{9A19103F-16F7-4668-BE54-9A1E7A4F7556}") = "TestProject.Elasticsearch", "TestProject.Elasticsearch\TestProject.Elasticsearch.csproj", "{B982322F-C202-4F9F-98B0-34996DA33AE2}"
EndProject
Project("{E53339B2-1760-4266-BCC7-CA923CBCF16C}") = "docker-compose", "docker-compose.dcproj", "{2195C770-6C34-4735-84E9-467FFCECCE6D}"
EndProject
Project("{FAE04EC0-301F-11D3-BF4B-00C04F79EFBC}") = "TestProject.Elasticsearch.Core", "TestProject.Elasticsearch.Core\TestProject.Elasticsearch.Core.csproj", "{696F6AF7-D77C-427A-AF80-6F67526CEDAB}"
EndProject
Global
	GlobalSection(SolutionConfigurationPlatforms) = preSolution
		Debug|Any CPU = Debug|Any CPU
		Release|Any CPU = Release|Any CPU
	EndGlobalSection
	GlobalSection(ProjectConfigurationPlatforms) = postSolution
		{B982322F-C202-4F9F-98B0-34996DA33AE2}.Debug|Any CPU.ActiveCfg = Debug|Any CPU
		{B982322F-C202-4F9F-98B0-34996DA33AE2}.Debug|Any CPU.Build.0 = Debug|Any CPU
		{B982322F-C202-4F9F-98B0-34996DA33AE2}.Release|Any CPU.ActiveCfg = Release|Any CPU
		{B982322F-C202-4F9F-98B0-34996DA33AE2}.Release|Any CPU.Build.0 = Release|Any CPU
		{2195C770-6C34-4735-84E9-467FFCECCE6D}.Debug|Any CPU.ActiveCfg = Debug|Any CPU
		{2195C770-6C34-4735-84E9-467FFCECCE6D}.Debug|Any CPU.Build.0 = Debug|Any CPU
		{2195C770-6C34-4735-84E9-467FFCECCE6D}.Release|Any CPU.ActiveCfg = Release|Any CPU
		{2195C770-6C34-4735-84E9-467FFCECCE6D}.Release|Any CPU.Build.0 = Release|Any CPU
		{696F6AF7-D77C-427A-AF80-6F67526CEDAB}.Debug|Any CPU.ActiveCfg = Debug|Any CPU
		{696F6AF7-D77C-427A-AF80-6F67526CEDAB}.Debug|Any CPU.Build.0 = Debug|Any CPU
		{696F6AF7-D77C-427A-AF80-6F67526CEDAB}.Release|Any CPU.ActiveCfg = Release|Any CPU
		{696F6AF7-D77C-427A-AF80-6F67526CEDAB}.Release|Any CPU.Build.0 = Release|Any CPU
	EndGlobalSection
	GlobalSection(SolutionProperties) = preSolution
		HideSolutionNode = FALSE
	EndGlobalSection
	GlobalSection(ExtensibilityGlobals) = postSolution
		SolutionGuid = {A6E6759B-7812-4835-AC54-F8BF1A5B1ECD}
	EndGlobalSection
EndGlobal
